// !$*UTF8*$!
{
	archiveVersion = 1;
	classes = {
	};
	objectVersion = 46;
	objects = {

/* Begin PBXBuildFile section */
		06B6CDD51BE98E7D00F5B5B7 /* BFGalleryLib.h in Headers */ = {isa = PBXBuildFile; fileRef = 06B6CDD41BE98E7D00F5B5B7 /* BFGalleryLib.h */; settings = {ATTRIBUTES = (Public, ); }; };
		06B6CDD91BE98E7D00F5B5B7 /* BFGalleryLib.framework in Frameworks */ = {isa = PBXBuildFile; fileRef = 06B6CDD21BE98E7D00F5B5B7 /* BFGalleryLib.framework */; };
		06B6CDDA1BE98E7D00F5B5B7 /* BFGalleryLib.framework in Embed Frameworks */ = {isa = PBXBuildFile; fileRef = 06B6CDD21BE98E7D00F5B5B7 /* BFGalleryLib.framework */; settings = {ATTRIBUTES = (CodeSignOnCopy, RemoveHeadersOnCopy, ); }; };
		06B6CE441BE9928300F5B5B7 /* BFDeniedAccessToAssetsView.xib in Resources */ = {isa = PBXBuildFile; fileRef = 06B6CE111BE9928200F5B5B7 /* BFDeniedAccessToAssetsView.xib */; };
		06B6CE451BE9928300F5B5B7 /* BFDeniedAccessToAssetsView~ipad.xib in Resources */ = {isa = PBXBuildFile; fileRef = 06B6CE121BE9928200F5B5B7 /* BFDeniedAccessToAssetsView~ipad.xib */; };
		06B6CE461BE9928300F5B5B7 /* BFGalleryLib.h in Headers */ = {isa = PBXBuildFile; fileRef = 06B6CE131BE9928200F5B5B7 /* BFGalleryLib.h */; };
		06B6CE471BE9928300F5B5B7 /* BFGalleryViewController.h in Headers */ = {isa = PBXBuildFile; fileRef = 06B6CE141BE9928200F5B5B7 /* BFGalleryViewController.h */; };
		06B6CE481BE9928300F5B5B7 /* BFGalleryViewController.m in Sources */ = {isa = PBXBuildFile; fileRef = 06B6CE151BE9928200F5B5B7 /* BFGalleryViewController.m */; };
		06B6CE491BE9928300F5B5B7 /* BFGalleryViewController.xib in Resources */ = {isa = PBXBuildFile; fileRef = 06B6CE161BE9928200F5B5B7 /* BFGalleryViewController.xib */; };
		06B6CE4A1BE9928300F5B5B7 /* BFGAssetsManager.h in Headers */ = {isa = PBXBuildFile; fileRef = 06B6CE171BE9928200F5B5B7 /* BFGAssetsManager.h */; };
		06B6CE4B1BE9928300F5B5B7 /* BFGAssetsManager.m in Sources */ = {isa = PBXBuildFile; fileRef = 06B6CE181BE9928300F5B5B7 /* BFGAssetsManager.m */; };
		06B6CE4C1BE9928300F5B5B7 /* BFGCell~ipad.xib in Resources */ = {isa = PBXBuildFile; fileRef = 06B6CE191BE9928300F5B5B7 /* BFGCell~ipad.xib */; };
		06B6CE4D1BE9928300F5B5B7 /* BFGCell_landscape.xib in Resources */ = {isa = PBXBuildFile; fileRef = 06B6CE1A1BE9928300F5B5B7 /* BFGCell_landscape.xib */; };
		06B6CE4E1BE9928300F5B5B7 /* BFGCell.xib in Resources */ = {isa = PBXBuildFile; fileRef = 06B6CE1B1BE9928300F5B5B7 /* BFGCell.xib */; };
		06B6CE4F1BE9928300F5B5B7 /* BFGCell.h in Headers */ = {isa = PBXBuildFile; fileRef = 06B6CE1C1BE9928300F5B5B7 /* BFGCell.h */; };
		06B6CE501BE9928300F5B5B7 /* BFGCell.m in Sources */ = {isa = PBXBuildFile; fileRef = 06B6CE1D1BE9928300F5B5B7 /* BFGCell.m */; };
		06B6CE511BE9928300F5B5B7 /* BFGFullSizeCell_landscape~ipad.xib in Resources */ = {isa = PBXBuildFile; fileRef = 06B6CE1E1BE9928300F5B5B7 /* BFGFullSizeCell_landscape~ipad.xib */; };
		06B6CE521BE9928300F5B5B7 /* BFGFullSizeCell~ipad.xib in Resources */ = {isa = PBXBuildFile; fileRef = 06B6CE1F1BE9928300F5B5B7 /* BFGFullSizeCell~ipad.xib */; };
		06B6CE531BE9928300F5B5B7 /* BFGFullSizeCell_landscape.xib in Resources */ = {isa = PBXBuildFile; fileRef = 06B6CE201BE9928300F5B5B7 /* BFGFullSizeCell_landscape.xib */; };
		06B6CE541BE9928300F5B5B7 /* BFGFullSizeCell.xib in Resources */ = {isa = PBXBuildFile; fileRef = 06B6CE211BE9928300F5B5B7 /* BFGFullSizeCell.xib */; };
		06B6CE551BE9928300F5B5B7 /* BFGFullSizeCell.h in Headers */ = {isa = PBXBuildFile; fileRef = 06B6CE221BE9928300F5B5B7 /* BFGFullSizeCell.h */; };
		06B6CE561BE9928300F5B5B7 /* BFGFullSizeCell.m in Sources */ = {isa = PBXBuildFile; fileRef = 06B6CE231BE9928300F5B5B7 /* BFGFullSizeCell.m */; };
		06B6CE571BE9928300F5B5B7 /* BFGFullSizeViewController.h in Headers */ = {isa = PBXBuildFile; fileRef = 06B6CE241BE9928300F5B5B7 /* BFGFullSizeViewController.h */; };
		06B6CE581BE9928300F5B5B7 /* BFGFullSizeViewController.m in Sources */ = {isa = PBXBuildFile; fileRef = 06B6CE251BE9928300F5B5B7 /* BFGFullSizeViewController.m */; };
		06B6CE591BE9928300F5B5B7 /* BFGFullSizeViewController.xib in Resources */ = {isa = PBXBuildFile; fileRef = 06B6CE261BE9928300F5B5B7 /* BFGFullSizeViewController.xib */; };
		06B6CE5A1BE9928300F5B5B7 /* BFGFullSizeViewController~ipad.xib in Resources */ = {isa = PBXBuildFile; fileRef = 06B6CE271BE9928300F5B5B7 /* BFGFullSizeViewController~ipad.xib */; };
		06B6CE5B1BE9928300F5B5B7 /* BFImage.h in Headers */ = {isa = PBXBuildFile; fileRef = 06B6CE281BE9928300F5B5B7 /* BFImage.h */; };
		06B6CE5C1BE9928300F5B5B7 /* BFImage.m in Sources */ = {isa = PBXBuildFile; fileRef = 06B6CE291BE9928300F5B5B7 /* BFImage.m */; };
		06B6CE5D1BE9928300F5B5B7 /* BFMenuDetailViewController~ipad.xib in Resources */ = {isa = PBXBuildFile; fileRef = 06B6CE2A1BE9928300F5B5B7 /* BFMenuDetailViewController~ipad.xib */; };
		06B6CE5E1BE9928300F5B5B7 /* BFMenuDetailViewController.xib in Resources */ = {isa = PBXBuildFile; fileRef = 06B6CE2B1BE9928300F5B5B7 /* BFMenuDetailViewController.xib */; };
		06B6CE5F1BE9928300F5B5B7 /* flechas.png in Resources */ = {isa = PBXBuildFile; fileRef = 06B6CE2C1BE9928300F5B5B7 /* flechas.png */; };
		06B6CE601BE9928300F5B5B7 /* FlickrImage.h in Headers */ = {isa = PBXBuildFile; fileRef = 06B6CE2D1BE9928300F5B5B7 /* FlickrImage.h */; };
		06B6CE611BE9928300F5B5B7 /* FlickrImage.m in Sources */ = {isa = PBXBuildFile; fileRef = 06B6CE2E1BE9928300F5B5B7 /* FlickrImage.m */; };
		06B6CE621BE9928300F5B5B7 /* FlickrImageParser.h in Headers */ = {isa = PBXBuildFile; fileRef = 06B6CE2F1BE9928300F5B5B7 /* FlickrImageParser.h */; };
		06B6CE631BE9928300F5B5B7 /* FlickrImageParser.m in Sources */ = {isa = PBXBuildFile; fileRef = 06B6CE301BE9928300F5B5B7 /* FlickrImageParser.m */; };
		06B6CE641BE9928300F5B5B7 /* FlickrRequest.h in Headers */ = {isa = PBXBuildFile; fileRef = 06B6CE311BE9928300F5B5B7 /* FlickrRequest.h */; };
		06B6CE651BE9928300F5B5B7 /* FlickrRequest.m in Sources */ = {isa = PBXBuildFile; fileRef = 06B6CE321BE9928300F5B5B7 /* FlickrRequest.m */; };
		06B6CE681BE9928300F5B5B7 /* lock.png in Resources */ = {isa = PBXBuildFile; fileRef = 06B6CE351BE9928300F5B5B7 /* lock.png */; };
		06B6CE751BE9928300F5B5B7 /* SharedConstants.h in Headers */ = {isa = PBXBuildFile; fileRef = 06B6CE421BE9928300F5B5B7 /* SharedConstants.h */; };
		06B6CE781BE99BDF00F5B5B7 /* BFLog.h in Headers */ = {isa = PBXBuildFile; fileRef = 06B6CE771BE99BDF00F5B5B7 /* BFLog.h */; };
		06B6CE861BE99F5300F5B5B7 /* JSON.h in Headers */ = {isa = PBXBuildFile; fileRef = 06B6CE791BE99F5300F5B5B7 /* JSON.h */; };
		06B6CE871BE99F5300F5B5B7 /* NSObject+SBJSON.h in Headers */ = {isa = PBXBuildFile; fileRef = 06B6CE7A1BE99F5300F5B5B7 /* NSObject+SBJSON.h */; };
		06B6CE881BE99F5300F5B5B7 /* NSObject+SBJSON.m in Sources */ = {isa = PBXBuildFile; fileRef = 06B6CE7B1BE99F5300F5B5B7 /* NSObject+SBJSON.m */; settings = {COMPILER_FLAGS = "-fno-objc-arc"; }; };
		06B6CE891BE99F5300F5B5B7 /* NSString+SBJSON.h in Headers */ = {isa = PBXBuildFile; fileRef = 06B6CE7C1BE99F5300F5B5B7 /* NSString+SBJSON.h */; };
		06B6CE8A1BE99F5300F5B5B7 /* NSString+SBJSON.m in Sources */ = {isa = PBXBuildFile; fileRef = 06B6CE7D1BE99F5300F5B5B7 /* NSString+SBJSON.m */; settings = {COMPILER_FLAGS = "-fno-objc-arc"; }; };
		06B6CE8B1BE99F5300F5B5B7 /* SBJSON.h in Headers */ = {isa = PBXBuildFile; fileRef = 06B6CE7E1BE99F5300F5B5B7 /* SBJSON.h */; };
		06B6CE8C1BE99F5400F5B5B7 /* SBJSON.m in Sources */ = {isa = PBXBuildFile; fileRef = 06B6CE7F1BE99F5300F5B5B7 /* SBJSON.m */; settings = {COMPILER_FLAGS = "-fno-objc-arc"; }; };
		06B6CE8D1BE99F5400F5B5B7 /* SBJsonBase.h in Headers */ = {isa = PBXBuildFile; fileRef = 06B6CE801BE99F5300F5B5B7 /* SBJsonBase.h */; };
		06B6CE8E1BE99F5400F5B5B7 /* SBJsonBase.m in Sources */ = {isa = PBXBuildFile; fileRef = 06B6CE811BE99F5300F5B5B7 /* SBJsonBase.m */; settings = {COMPILER_FLAGS = "-fno-objc-arc"; }; };
		06B6CE8F1BE99F5400F5B5B7 /* SBJsonParser.h in Headers */ = {isa = PBXBuildFile; fileRef = 06B6CE821BE99F5300F5B5B7 /* SBJsonParser.h */; };
		06B6CE901BE99F5400F5B5B7 /* SBJsonParser.m in Sources */ = {isa = PBXBuildFile; fileRef = 06B6CE831BE99F5300F5B5B7 /* SBJsonParser.m */; settings = {COMPILER_FLAGS = "-fno-objc-arc"; }; };
		06B6CE911BE99F5400F5B5B7 /* SBJsonWriter.h in Headers */ = {isa = PBXBuildFile; fileRef = 06B6CE841BE99F5300F5B5B7 /* SBJsonWriter.h */; };
		06B6CE921BE99F5400F5B5B7 /* SBJsonWriter.m in Sources */ = {isa = PBXBuildFile; fileRef = 06B6CE851BE99F5300F5B5B7 /* SBJsonWriter.m */; settings = {COMPILER_FLAGS = "-fno-objc-arc"; }; };
		87CE41C41571A6300011E130 /* UIKit.framework in Frameworks */ = {isa = PBXBuildFile; fileRef = 87CE41C31571A6300011E130 /* UIKit.framework */; };
		87CE41C61571A6300011E130 /* Foundation.framework in Frameworks */ = {isa = PBXBuildFile; fileRef = 87CE41C51571A6300011E130 /* Foundation.framework */; };
		87CE41C81571A6300011E130 /* CoreGraphics.framework in Frameworks */ = {isa = PBXBuildFile; fileRef = 87CE41C71571A6300011E130 /* CoreGraphics.framework */; };
		87CE41D01571A6300011E130 /* main.m in Sources */ = {isa = PBXBuildFile; fileRef = 87CE41CF1571A6300011E130 /* main.m */; };
		87CE41D41571A6300011E130 /* BFAppDelegate.m in Sources */ = {isa = PBXBuildFile; fileRef = 87CE41D31571A6300011E130 /* BFAppDelegate.m */; };
		87CE42291571A8490011E130 /* AssetsLibrary.framework in Frameworks */ = {isa = PBXBuildFile; fileRef = 87CE42281571A8490011E130 /* AssetsLibrary.framework */; };
		EB390CA31622791700FD80AA /* Accounts.framework in Frameworks */ = {isa = PBXBuildFile; fileRef = EB390CA21622791700FD80AA /* Accounts.framework */; };
		EB390CA51622797000FD80AA /* Social.framework in Frameworks */ = {isa = PBXBuildFile; fileRef = EB390CA41622797000FD80AA /* Social.framework */; };
		EB390CA71622797D00FD80AA /* AdSupport.framework in Frameworks */ = {isa = PBXBuildFile; fileRef = EB390CA61622797D00FD80AA /* AdSupport.framework */; };
/* End PBXBuildFile section */

/* Begin PBXContainerItemProxy section */
		06B6CDD71BE98E7D00F5B5B7 /* PBXContainerItemProxy */ = {
			isa = PBXContainerItemProxy;
			containerPortal = 87CE41B61571A6300011E130 /* Project object */;
			proxyType = 1;
			remoteGlobalIDString = 06B6CDD11BE98E7D00F5B5B7;
			remoteInfo = BFGalleryLib;
		};
/* End PBXContainerItemProxy section */

/* Begin PBXCopyFilesBuildPhase section */
		06B6CDDE1BE98E7D00F5B5B7 /* Embed Frameworks */ = {
			isa = PBXCopyFilesBuildPhase;
			buildActionMask = 2147483647;
			dstPath = "";
			dstSubfolderSpec = 10;
			files = (
				06B6CDDA1BE98E7D00F5B5B7 /* BFGalleryLib.framework in Embed Frameworks */,
			);
			name = "Embed Frameworks";
			runOnlyForDeploymentPostprocessing = 0;
		};
/* End PBXCopyFilesBuildPhase section */

/* Begin PBXFileReference section */
		06B6CDD21BE98E7D00F5B5B7 /* BFGalleryLib.framework */ = {isa = PBXFileReference; explicitFileType = wrapper.framework; includeInIndex = 0; path = BFGalleryLib.framework; sourceTree = BUILT_PRODUCTS_DIR; };
		06B6CDD41BE98E7D00F5B5B7 /* BFGalleryLib.h */ = {isa = PBXFileReference; lastKnownFileType = sourcecode.c.h; path = BFGalleryLib.h; sourceTree = "<group>"; };
		06B6CDD61BE98E7D00F5B5B7 /* Info.plist */ = {isa = PBXFileReference; lastKnownFileType = text.plist.xml; path = Info.plist; sourceTree = "<group>"; };
		06B6CE101BE9928200F5B5B7 /* .DS_Store */ = {isa = PBXFileReference; lastKnownFileType = file; path = .DS_Store; sourceTree = "<group>"; };
		06B6CE111BE9928200F5B5B7 /* BFDeniedAccessToAssetsView.xib */ = {isa = PBXFileReference; fileEncoding = 4; lastKnownFileType = file.xib; path = BFDeniedAccessToAssetsView.xib; sourceTree = "<group>"; };
		06B6CE121BE9928200F5B5B7 /* BFDeniedAccessToAssetsView~ipad.xib */ = {isa = PBXFileReference; fileEncoding = 4; lastKnownFileType = file.xib; path = "BFDeniedAccessToAssetsView~ipad.xib"; sourceTree = "<group>"; };
		06B6CE131BE9928200F5B5B7 /* BFGalleryLib.h */ = {isa = PBXFileReference; fileEncoding = 4; lastKnownFileType = sourcecode.c.h; path = BFGalleryLib.h; sourceTree = "<group>"; };
		06B6CE141BE9928200F5B5B7 /* BFGalleryViewController.h */ = {isa = PBXFileReference; fileEncoding = 4; lastKnownFileType = sourcecode.c.h; path = BFGalleryViewController.h; sourceTree = "<group>"; };
		06B6CE151BE9928200F5B5B7 /* BFGalleryViewController.m */ = {isa = PBXFileReference; fileEncoding = 4; lastKnownFileType = sourcecode.c.objc; path = BFGalleryViewController.m; sourceTree = "<group>"; };
		06B6CE161BE9928200F5B5B7 /* BFGalleryViewController.xib */ = {isa = PBXFileReference; fileEncoding = 4; lastKnownFileType = file.xib; path = BFGalleryViewController.xib; sourceTree = "<group>"; };
		06B6CE171BE9928200F5B5B7 /* BFGAssetsManager.h */ = {isa = PBXFileReference; fileEncoding = 4; lastKnownFileType = sourcecode.c.h; path = BFGAssetsManager.h; sourceTree = "<group>"; };
		06B6CE181BE9928300F5B5B7 /* BFGAssetsManager.m */ = {isa = PBXFileReference; fileEncoding = 4; lastKnownFileType = sourcecode.c.objc; path = BFGAssetsManager.m; sourceTree = "<group>"; };
		06B6CE191BE9928300F5B5B7 /* BFGCell~ipad.xib */ = {isa = PBXFileReference; fileEncoding = 4; lastKnownFileType = file.xib; path = "BFGCell~ipad.xib"; sourceTree = "<group>"; };
		06B6CE1A1BE9928300F5B5B7 /* BFGCell_landscape.xib */ = {isa = PBXFileReference; fileEncoding = 4; lastKnownFileType = file.xib; path = BFGCell_landscape.xib; sourceTree = "<group>"; };
		06B6CE1B1BE9928300F5B5B7 /* BFGCell.xib */ = {isa = PBXFileReference; fileEncoding = 4; lastKnownFileType = file.xib; path = BFGCell.xib; sourceTree = "<group>"; };
		06B6CE1C1BE9928300F5B5B7 /* BFGCell.h */ = {isa = PBXFileReference; fileEncoding = 4; lastKnownFileType = sourcecode.c.h; path = BFGCell.h; sourceTree = "<group>"; };
		06B6CE1D1BE9928300F5B5B7 /* BFGCell.m */ = {isa = PBXFileReference; fileEncoding = 4; lastKnownFileType = sourcecode.c.objc; path = BFGCell.m; sourceTree = "<group>"; };
		06B6CE1E1BE9928300F5B5B7 /* BFGFullSizeCell_landscape~ipad.xib */ = {isa = PBXFileReference; fileEncoding = 4; lastKnownFileType = file.xib; path = "BFGFullSizeCell_landscape~ipad.xib"; sourceTree = "<group>"; };
		06B6CE1F1BE9928300F5B5B7 /* BFGFullSizeCell~ipad.xib */ = {isa = PBXFileReference; fileEncoding = 4; lastKnownFileType = file.xib; path = "BFGFullSizeCell~ipad.xib"; sourceTree = "<group>"; };
		06B6CE201BE9928300F5B5B7 /* BFGFullSizeCell_landscape.xib */ = {isa = PBXFileReference; fileEncoding = 4; lastKnownFileType = file.xib; path = BFGFullSizeCell_landscape.xib; sourceTree = "<group>"; };
		06B6CE211BE9928300F5B5B7 /* BFGFullSizeCell.xib */ = {isa = PBXFileReference; fileEncoding = 4; lastKnownFileType = file.xib; path = BFGFullSizeCell.xib; sourceTree = "<group>"; };
		06B6CE221BE9928300F5B5B7 /* BFGFullSizeCell.h */ = {isa = PBXFileReference; fileEncoding = 4; lastKnownFileType = sourcecode.c.h; path = BFGFullSizeCell.h; sourceTree = "<group>"; };
		06B6CE231BE9928300F5B5B7 /* BFGFullSizeCell.m */ = {isa = PBXFileReference; fileEncoding = 4; lastKnownFileType = sourcecode.c.objc; path = BFGFullSizeCell.m; sourceTree = "<group>"; };
		06B6CE241BE9928300F5B5B7 /* BFGFullSizeViewController.h */ = {isa = PBXFileReference; fileEncoding = 4; lastKnownFileType = sourcecode.c.h; path = BFGFullSizeViewController.h; sourceTree = "<group>"; };
		06B6CE251BE9928300F5B5B7 /* BFGFullSizeViewController.m */ = {isa = PBXFileReference; fileEncoding = 4; lastKnownFileType = sourcecode.c.objc; path = BFGFullSizeViewController.m; sourceTree = "<group>"; };
		06B6CE261BE9928300F5B5B7 /* BFGFullSizeViewController.xib */ = {isa = PBXFileReference; fileEncoding = 4; lastKnownFileType = file.xib; path = BFGFullSizeViewController.xib; sourceTree = "<group>"; };
		06B6CE271BE9928300F5B5B7 /* BFGFullSizeViewController~ipad.xib */ = {isa = PBXFileReference; fileEncoding = 4; lastKnownFileType = file.xib; path = "BFGFullSizeViewController~ipad.xib"; sourceTree = "<group>"; };
		06B6CE281BE9928300F5B5B7 /* BFImage.h */ = {isa = PBXFileReference; fileEncoding = 4; lastKnownFileType = sourcecode.c.h; path = BFImage.h; sourceTree = "<group>"; };
		06B6CE291BE9928300F5B5B7 /* BFImage.m */ = {isa = PBXFileReference; fileEncoding = 4; lastKnownFileType = sourcecode.c.objc; path = BFImage.m; sourceTree = "<group>"; };
		06B6CE2A1BE9928300F5B5B7 /* BFMenuDetailViewController~ipad.xib */ = {isa = PBXFileReference; fileEncoding = 4; lastKnownFileType = file.xib; path = "BFMenuDetailViewController~ipad.xib"; sourceTree = "<group>"; };
		06B6CE2B1BE9928300F5B5B7 /* BFMenuDetailViewController.xib */ = {isa = PBXFileReference; fileEncoding = 4; lastKnownFileType = file.xib; path = BFMenuDetailViewController.xib; sourceTree = "<group>"; };
		06B6CE2C1BE9928300F5B5B7 /* flechas.png */ = {isa = PBXFileReference; lastKnownFileType = image.png; path = flechas.png; sourceTree = "<group>"; };
		06B6CE2D1BE9928300F5B5B7 /* FlickrImage.h */ = {isa = PBXFileReference; fileEncoding = 4; lastKnownFileType = sourcecode.c.h; path = FlickrImage.h; sourceTree = "<group>"; };
		06B6CE2E1BE9928300F5B5B7 /* FlickrImage.m */ = {isa = PBXFileReference; fileEncoding = 4; lastKnownFileType = sourcecode.c.objc; path = FlickrImage.m; sourceTree = "<group>"; };
		06B6CE2F1BE9928300F5B5B7 /* FlickrImageParser.h */ = {isa = PBXFileReference; fileEncoding = 4; lastKnownFileType = sourcecode.c.h; path = FlickrImageParser.h; sourceTree = "<group>"; };
		06B6CE301BE9928300F5B5B7 /* FlickrImageParser.m */ = {isa = PBXFileReference; fileEncoding = 4; lastKnownFileType = sourcecode.c.objc; path = FlickrImageParser.m; sourceTree = "<group>"; };
		06B6CE311BE9928300F5B5B7 /* FlickrRequest.h */ = {isa = PBXFileReference; fileEncoding = 4; lastKnownFileType = sourcecode.c.h; path = FlickrRequest.h; sourceTree = "<group>"; };
		06B6CE321BE9928300F5B5B7 /* FlickrRequest.m */ = {isa = PBXFileReference; fileEncoding = 4; lastKnownFileType = sourcecode.c.objc; path = FlickrRequest.m; sourceTree = "<group>"; };
		06B6CE331BE9928300F5B5B7 /* Info.plist */ = {isa = PBXFileReference; fileEncoding = 4; lastKnownFileType = text.plist.xml; path = Info.plist; sourceTree = "<group>"; };
		06B6CE351BE9928300F5B5B7 /* lock.png */ = {isa = PBXFileReference; lastKnownFileType = image.png; path = lock.png; sourceTree = "<group>"; };
		06B6CE421BE9928300F5B5B7 /* SharedConstants.h */ = {isa = PBXFileReference; fileEncoding = 4; lastKnownFileType = sourcecode.c.h; path = SharedConstants.h; sourceTree = "<group>"; };
		06B6CE771BE99BDF00F5B5B7 /* BFLog.h */ = {isa = PBXFileReference; fileEncoding = 4; lastKnownFileType = sourcecode.c.h; path = BFLog.h; sourceTree = "<group>"; };
		06B6CE791BE99F5300F5B5B7 /* JSON.h */ = {isa = PBXFileReference; fileEncoding = 4; lastKnownFileType = sourcecode.c.h; name = JSON.h; path = JSON/JSON.h; sourceTree = SOURCE_ROOT; };
		06B6CE7A1BE99F5300F5B5B7 /* NSObject+SBJSON.h */ = {isa = PBXFileReference; fileEncoding = 4; lastKnownFileType = sourcecode.c.h; name = "NSObject+SBJSON.h"; path = "JSON/NSObject+SBJSON.h"; sourceTree = SOURCE_ROOT; };
		06B6CE7B1BE99F5300F5B5B7 /* NSObject+SBJSON.m */ = {isa = PBXFileReference; fileEncoding = 4; lastKnownFileType = sourcecode.c.objc; name = "NSObject+SBJSON.m"; path = "JSON/NSObject+SBJSON.m"; sourceTree = SOURCE_ROOT; };
		06B6CE7C1BE99F5300F5B5B7 /* NSString+SBJSON.h */ = {isa = PBXFileReference; fileEncoding = 4; lastKnownFileType = sourcecode.c.h; name = "NSString+SBJSON.h"; path = "JSON/NSString+SBJSON.h"; sourceTree = SOURCE_ROOT; };
		06B6CE7D1BE99F5300F5B5B7 /* NSString+SBJSON.m */ = {isa = PBXFileReference; fileEncoding = 4; lastKnownFileType = sourcecode.c.objc; name = "NSString+SBJSON.m"; path = "JSON/NSString+SBJSON.m"; sourceTree = SOURCE_ROOT; };
		06B6CE7E1BE99F5300F5B5B7 /* SBJSON.h */ = {isa = PBXFileReference; fileEncoding = 4; lastKnownFileType = sourcecode.c.h; name = SBJSON.h; path = JSON/SBJSON.h; sourceTree = SOURCE_ROOT; };
		06B6CE7F1BE99F5300F5B5B7 /* SBJSON.m */ = {isa = PBXFileReference; fileEncoding = 4; lastKnownFileType = sourcecode.c.objc; name = SBJSON.m; path = JSON/SBJSON.m; sourceTree = SOURCE_ROOT; };
		06B6CE801BE99F5300F5B5B7 /* SBJsonBase.h */ = {isa = PBXFileReference; fileEncoding = 4; lastKnownFileType = sourcecode.c.h; name = SBJsonBase.h; path = JSON/SBJsonBase.h; sourceTree = SOURCE_ROOT; };
		06B6CE811BE99F5300F5B5B7 /* SBJsonBase.m */ = {isa = PBXFileReference; fileEncoding = 4; lastKnownFileType = sourcecode.c.objc; name = SBJsonBase.m; path = JSON/SBJsonBase.m; sourceTree = SOURCE_ROOT; };
		06B6CE821BE99F5300F5B5B7 /* SBJsonParser.h */ = {isa = PBXFileReference; fileEncoding = 4; lastKnownFileType = sourcecode.c.h; name = SBJsonParser.h; path = JSON/SBJsonParser.h; sourceTree = SOURCE_ROOT; };
		06B6CE831BE99F5300F5B5B7 /* SBJsonParser.m */ = {isa = PBXFileReference; fileEncoding = 4; lastKnownFileType = sourcecode.c.objc; name = SBJsonParser.m; path = JSON/SBJsonParser.m; sourceTree = SOURCE_ROOT; };
		06B6CE841BE99F5300F5B5B7 /* SBJsonWriter.h */ = {isa = PBXFileReference; fileEncoding = 4; lastKnownFileType = sourcecode.c.h; name = SBJsonWriter.h; path = JSON/SBJsonWriter.h; sourceTree = SOURCE_ROOT; };
		06B6CE851BE99F5300F5B5B7 /* SBJsonWriter.m */ = {isa = PBXFileReference; fileEncoding = 4; lastKnownFileType = sourcecode.c.objc; name = SBJsonWriter.m; path = JSON/SBJsonWriter.m; sourceTree = SOURCE_ROOT; };
		87CE41BF1571A6300011E130 /* BFGallery.app */ = {isa = PBXFileReference; explicitFileType = wrapper.application; includeInIndex = 0; path = BFGallery.app; sourceTree = BUILT_PRODUCTS_DIR; };
		87CE41C31571A6300011E130 /* UIKit.framework */ = {isa = PBXFileReference; lastKnownFileType = wrapper.framework; name = UIKit.framework; path = System/Library/Frameworks/UIKit.framework; sourceTree = SDKROOT; };
		87CE41C51571A6300011E130 /* Foundation.framework */ = {isa = PBXFileReference; lastKnownFileType = wrapper.framework; name = Foundation.framework; path = System/Library/Frameworks/Foundation.framework; sourceTree = SDKROOT; };
		87CE41C71571A6300011E130 /* CoreGraphics.framework */ = {isa = PBXFileReference; lastKnownFileType = wrapper.framework; name = CoreGraphics.framework; path = System/Library/Frameworks/CoreGraphics.framework; sourceTree = SDKROOT; };
		87CE41CB1571A6300011E130 /* BFGallery-Info.plist */ = {isa = PBXFileReference; lastKnownFileType = text.plist.xml; path = "BFGallery-Info.plist"; sourceTree = "<group>"; };
		87CE41CF1571A6300011E130 /* main.m */ = {isa = PBXFileReference; lastKnownFileType = sourcecode.c.objc; path = main.m; sourceTree = "<group>"; };
		87CE41D11571A6300011E130 /* BFGallery-Prefix.pch */ = {isa = PBXFileReference; lastKnownFileType = sourcecode.c.h; path = "BFGallery-Prefix.pch"; sourceTree = "<group>"; };
		87CE41D21571A6300011E130 /* BFAppDelegate.h */ = {isa = PBXFileReference; lastKnownFileType = sourcecode.c.h; path = BFAppDelegate.h; sourceTree = "<group>"; };
		87CE41D31571A6300011E130 /* BFAppDelegate.m */ = {isa = PBXFileReference; lastKnownFileType = sourcecode.c.objc; lineEnding = 0; path = BFAppDelegate.m; sourceTree = "<group>"; xcLanguageSpecificationIdentifier = xcode.lang.objc; };
		87CE42281571A8490011E130 /* AssetsLibrary.framework */ = {isa = PBXFileReference; lastKnownFileType = wrapper.framework; name = AssetsLibrary.framework; path = System/Library/Frameworks/AssetsLibrary.framework; sourceTree = SDKROOT; };
		EB390CA21622791700FD80AA /* Accounts.framework */ = {isa = PBXFileReference; lastKnownFileType = wrapper.framework; name = Accounts.framework; path = System/Library/Frameworks/Accounts.framework; sourceTree = SDKROOT; };
		EB390CA41622797000FD80AA /* Social.framework */ = {isa = PBXFileReference; lastKnownFileType = wrapper.framework; name = Social.framework; path = System/Library/Frameworks/Social.framework; sourceTree = SDKROOT; };
		EB390CA61622797D00FD80AA /* AdSupport.framework */ = {isa = PBXFileReference; lastKnownFileType = wrapper.framework; name = AdSupport.framework; path = System/Library/Frameworks/AdSupport.framework; sourceTree = SDKROOT; };
/* End PBXFileReference section */

/* Begin PBXFrameworksBuildPhase section */
		06B6CDCE1BE98E7D00F5B5B7 /* Frameworks */ = {
			isa = PBXFrameworksBuildPhase;
			buildActionMask = 2147483647;
			files = (
			);
			runOnlyForDeploymentPostprocessing = 0;
		};
		87CE41BC1571A6300011E130 /* Frameworks */ = {
			isa = PBXFrameworksBuildPhase;
			buildActionMask = 2147483647;
			files = (
				EB390CA71622797D00FD80AA /* AdSupport.framework in Frameworks */,
				06B6CDD91BE98E7D00F5B5B7 /* BFGalleryLib.framework in Frameworks */,
				EB390CA51622797000FD80AA /* Social.framework in Frameworks */,
				EB390CA31622791700FD80AA /* Accounts.framework in Frameworks */,
				87CE42291571A8490011E130 /* AssetsLibrary.framework in Frameworks */,
				87CE41C41571A6300011E130 /* UIKit.framework in Frameworks */,
				87CE41C61571A6300011E130 /* Foundation.framework in Frameworks */,
				87CE41C81571A6300011E130 /* CoreGraphics.framework in Frameworks */,
			);
			runOnlyForDeploymentPostprocessing = 0;
		};
/* End PBXFrameworksBuildPhase section */

/* Begin PBXGroup section */
		06B6CDD31BE98E7D00F5B5B7 /* BFGalleryLib */ = {
			isa = PBXGroup;
			children = (
				06B6CE931BE99F6700F5B5B7 /* JSON */,
				06B6CE771BE99BDF00F5B5B7 /* BFLog.h */,
				06B6CE101BE9928200F5B5B7 /* .DS_Store */,
				06B6CE111BE9928200F5B5B7 /* BFDeniedAccessToAssetsView.xib */,
				06B6CE121BE9928200F5B5B7 /* BFDeniedAccessToAssetsView~ipad.xib */,
				06B6CE131BE9928200F5B5B7 /* BFGalleryLib.h */,
				06B6CE141BE9928200F5B5B7 /* BFGalleryViewController.h */,
				06B6CE151BE9928200F5B5B7 /* BFGalleryViewController.m */,
				06B6CE161BE9928200F5B5B7 /* BFGalleryViewController.xib */,
				06B6CE171BE9928200F5B5B7 /* BFGAssetsManager.h */,
				06B6CE181BE9928300F5B5B7 /* BFGAssetsManager.m */,
				06B6CE191BE9928300F5B5B7 /* BFGCell~ipad.xib */,
				06B6CE1A1BE9928300F5B5B7 /* BFGCell_landscape.xib */,
				06B6CE1B1BE9928300F5B5B7 /* BFGCell.xib */,
				06B6CE1C1BE9928300F5B5B7 /* BFGCell.h */,
				06B6CE1D1BE9928300F5B5B7 /* BFGCell.m */,
				06B6CE1E1BE9928300F5B5B7 /* BFGFullSizeCell_landscape~ipad.xib */,
				06B6CE1F1BE9928300F5B5B7 /* BFGFullSizeCell~ipad.xib */,
				06B6CE201BE9928300F5B5B7 /* BFGFullSizeCell_landscape.xib */,
				06B6CE211BE9928300F5B5B7 /* BFGFullSizeCell.xib */,
				06B6CE221BE9928300F5B5B7 /* BFGFullSizeCell.h */,
				06B6CE231BE9928300F5B5B7 /* BFGFullSizeCell.m */,
				06B6CE241BE9928300F5B5B7 /* BFGFullSizeViewController.h */,
				06B6CE251BE9928300F5B5B7 /* BFGFullSizeViewController.m */,
				06B6CE261BE9928300F5B5B7 /* BFGFullSizeViewController.xib */,
				06B6CE271BE9928300F5B5B7 /* BFGFullSizeViewController~ipad.xib */,
				06B6CE281BE9928300F5B5B7 /* BFImage.h */,
				06B6CE291BE9928300F5B5B7 /* BFImage.m */,
				06B6CE2A1BE9928300F5B5B7 /* BFMenuDetailViewController~ipad.xib */,
				06B6CE2B1BE9928300F5B5B7 /* BFMenuDetailViewController.xib */,
				06B6CE2C1BE9928300F5B5B7 /* flechas.png */,
				06B6CE2D1BE9928300F5B5B7 /* FlickrImage.h */,
				06B6CE2E1BE9928300F5B5B7 /* FlickrImage.m */,
				06B6CE2F1BE9928300F5B5B7 /* FlickrImageParser.h */,
				06B6CE301BE9928300F5B5B7 /* FlickrImageParser.m */,
				06B6CE311BE9928300F5B5B7 /* FlickrRequest.h */,
				06B6CE321BE9928300F5B5B7 /* FlickrRequest.m */,
				06B6CE331BE9928300F5B5B7 /* Info.plist */,
				06B6CE351BE9928300F5B5B7 /* lock.png */,
				06B6CE421BE9928300F5B5B7 /* SharedConstants.h */,
				06B6CDD41BE98E7D00F5B5B7 /* BFGalleryLib.h */,
				06B6CDD61BE98E7D00F5B5B7 /* Info.plist */,
			);
			path = BFGalleryLib;
			sourceTree = "<group>";
		};
		06B6CE931BE99F6700F5B5B7 /* JSON */ = {
			isa = PBXGroup;
			children = (
				06B6CE791BE99F5300F5B5B7 /* JSON.h */,
				06B6CE7A1BE99F5300F5B5B7 /* NSObject+SBJSON.h */,
				06B6CE7B1BE99F5300F5B5B7 /* NSObject+SBJSON.m */,
				06B6CE7C1BE99F5300F5B5B7 /* NSString+SBJSON.h */,
				06B6CE7D1BE99F5300F5B5B7 /* NSString+SBJSON.m */,
				06B6CE7E1BE99F5300F5B5B7 /* SBJSON.h */,
				06B6CE7F1BE99F5300F5B5B7 /* SBJSON.m */,
				06B6CE801BE99F5300F5B5B7 /* SBJsonBase.h */,
				06B6CE811BE99F5300F5B5B7 /* SBJsonBase.m */,
				06B6CE821BE99F5300F5B5B7 /* SBJsonParser.h */,
				06B6CE831BE99F5300F5B5B7 /* SBJsonParser.m */,
				06B6CE841BE99F5300F5B5B7 /* SBJsonWriter.h */,
				06B6CE851BE99F5300F5B5B7 /* SBJsonWriter.m */,
			);
			name = JSON;
			sourceTree = "<group>";
		};
		87CE41B41571A6300011E130 = {
			isa = PBXGroup;
			children = (
				87CE41C91571A6300011E130 /* BFGallery */,
				06B6CDD31BE98E7D00F5B5B7 /* BFGalleryLib */,
				87CE41C21571A6300011E130 /* Frameworks */,
				87CE41C01571A6300011E130 /* Products */,
			);
			sourceTree = "<group>";
		};
		87CE41C01571A6300011E130 /* Products */ = {
			isa = PBXGroup;
			children = (
				87CE41BF1571A6300011E130 /* BFGallery.app */,
				06B6CDD21BE98E7D00F5B5B7 /* BFGalleryLib.framework */,
			);
			name = Products;
			sourceTree = "<group>";
		};
		87CE41C21571A6300011E130 /* Frameworks */ = {
			isa = PBXGroup;
			children = (
				EB390CA61622797D00FD80AA /* AdSupport.framework */,
				EB390CA41622797000FD80AA /* Social.framework */,
				EB390CA21622791700FD80AA /* Accounts.framework */,
				87CE42281571A8490011E130 /* AssetsLibrary.framework */,
				87CE41C31571A6300011E130 /* UIKit.framework */,
				87CE41C51571A6300011E130 /* Foundation.framework */,
				87CE41C71571A6300011E130 /* CoreGraphics.framework */,
			);
			name = Frameworks;
			sourceTree = "<group>";
		};
		87CE41C91571A6300011E130 /* BFGallery */ = {
			isa = PBXGroup;
			children = (
				87CE41FD1571A6FC0011E130 /* Delegate */,
				87CE41CA1571A6300011E130 /* Supporting Files */,
			);
			path = BFGallery;
			sourceTree = "<group>";
		};
		87CE41CA1571A6300011E130 /* Supporting Files */ = {
			isa = PBXGroup;
			children = (
				87CE41CB1571A6300011E130 /* BFGallery-Info.plist */,
				87CE41CF1571A6300011E130 /* main.m */,
				87CE41D11571A6300011E130 /* BFGallery-Prefix.pch */,
			);
			name = "Supporting Files";
			sourceTree = "<group>";
		};
		87CE41FD1571A6FC0011E130 /* Delegate */ = {
			isa = PBXGroup;
			children = (
				87CE41D21571A6300011E130 /* BFAppDelegate.h */,
				87CE41D31571A6300011E130 /* BFAppDelegate.m */,
			);
			name = Delegate;
			sourceTree = "<group>";
		};
/* End PBXGroup section */

/* Begin PBXHeadersBuildPhase section */
		06B6CDCF1BE98E7D00F5B5B7 /* Headers */ = {
			isa = PBXHeadersBuildPhase;
			buildActionMask = 2147483647;
			files = (
				06B6CE641BE9928300F5B5B7 /* FlickrRequest.h in Headers */,
				06B6CE621BE9928300F5B5B7 /* FlickrImageParser.h in Headers */,
				06B6CE8B1BE99F5300F5B5B7 /* SBJSON.h in Headers */,
				06B6CE471BE9928300F5B5B7 /* BFGalleryViewController.h in Headers */,
				06B6CE4A1BE9928300F5B5B7 /* BFGAssetsManager.h in Headers */,
				06B6CE5B1BE9928300F5B5B7 /* BFImage.h in Headers */,
				06B6CE8D1BE99F5400F5B5B7 /* SBJsonBase.h in Headers */,
				06B6CE601BE9928300F5B5B7 /* FlickrImage.h in Headers */,
				06B6CE551BE9928300F5B5B7 /* BFGFullSizeCell.h in Headers */,
				06B6CE571BE9928300F5B5B7 /* BFGFullSizeViewController.h in Headers */,
				06B6CE8F1BE99F5400F5B5B7 /* SBJsonParser.h in Headers */,
				06B6CE861BE99F5300F5B5B7 /* JSON.h in Headers */,
				06B6CE891BE99F5300F5B5B7 /* NSString+SBJSON.h in Headers */,
				06B6CDD51BE98E7D00F5B5B7 /* BFGalleryLib.h in Headers */,
				06B6CE871BE99F5300F5B5B7 /* NSObject+SBJSON.h in Headers */,
				06B6CE461BE9928300F5B5B7 /* BFGalleryLib.h in Headers */,
				06B6CE911BE99F5400F5B5B7 /* SBJsonWriter.h in Headers */,
				06B6CE4F1BE9928300F5B5B7 /* BFGCell.h in Headers */,
				06B6CE751BE9928300F5B5B7 /* SharedConstants.h in Headers */,
				06B6CE781BE99BDF00F5B5B7 /* BFLog.h in Headers */,
			);
			runOnlyForDeploymentPostprocessing = 0;
		};
/* End PBXHeadersBuildPhase section */

/* Begin PBXNativeTarget section */
		06B6CDD11BE98E7D00F5B5B7 /* BFGalleryLib */ = {
			isa = PBXNativeTarget;
			buildConfigurationList = 06B6CDDB1BE98E7D00F5B5B7 /* Build configuration list for PBXNativeTarget "BFGalleryLib" */;
			buildPhases = (
				06B6CDCD1BE98E7D00F5B5B7 /* Sources */,
				06B6CDCE1BE98E7D00F5B5B7 /* Frameworks */,
				06B6CDCF1BE98E7D00F5B5B7 /* Headers */,
				06B6CDD01BE98E7D00F5B5B7 /* Resources */,
			);
			buildRules = (
			);
			dependencies = (
			);
			name = BFGalleryLib;
			productName = BFGalleryLib;
			productReference = 06B6CDD21BE98E7D00F5B5B7 /* BFGalleryLib.framework */;
			productType = "com.apple.product-type.framework";
		};
		87CE41BE1571A6300011E130 /* BFGallery */ = {
			isa = PBXNativeTarget;
			buildConfigurationList = 87CE41F71571A6320011E130 /* Build configuration list for PBXNativeTarget "BFGallery" */;
			buildPhases = (
				87CE41BB1571A6300011E130 /* Sources */,
				87CE41BC1571A6300011E130 /* Frameworks */,
				87CE41BD1571A6300011E130 /* Resources */,
				06B6CDDE1BE98E7D00F5B5B7 /* Embed Frameworks */,
			);
			buildRules = (
			);
			dependencies = (
				06B6CDD81BE98E7D00F5B5B7 /* PBXTargetDependency */,
			);
			name = BFGallery;
			productName = BFGallery;
			productReference = 87CE41BF1571A6300011E130 /* BFGallery.app */;
			productType = "com.apple.product-type.application";
		};
/* End PBXNativeTarget section */

/* Begin PBXProject section */
		87CE41B61571A6300011E130 /* Project object */ = {
			isa = PBXProject;
			attributes = {
				CLASSPREFIX = BF;
				LastTestingUpgradeCheck = 0710;
				LastUpgradeCheck = 0710;
				ORGANIZATIONNAME = "Dario Lencina";
				TargetAttributes = {
					06B6CDD11BE98E7D00F5B5B7 = {
						CreatedOnToolsVersion = 7.1;
					};
				};
			};
			buildConfigurationList = 87CE41B91571A6300011E130 /* Build configuration list for PBXProject "BFGallery" */;
			compatibilityVersion = "Xcode 3.2";
			developmentRegion = English;
			hasScannedForEncodings = 0;
			knownRegions = (
				en,
			);
			mainGroup = 87CE41B41571A6300011E130;
			productRefGroup = 87CE41C01571A6300011E130 /* Products */;
			projectDirPath = "";
			projectRoot = "";
			targets = (
				87CE41BE1571A6300011E130 /* BFGallery */,
				06B6CDD11BE98E7D00F5B5B7 /* BFGalleryLib */,
			);
		};
/* End PBXProject section */

/* Begin PBXResourcesBuildPhase section */
		06B6CDD01BE98E7D00F5B5B7 /* Resources */ = {
			isa = PBXResourcesBuildPhase;
			buildActionMask = 2147483647;
			files = (
				06B6CE5E1BE9928300F5B5B7 /* BFMenuDetailViewController.xib in Resources */,
				06B6CE541BE9928300F5B5B7 /* BFGFullSizeCell.xib in Resources */,
				06B6CE681BE9928300F5B5B7 /* lock.png in Resources */,
				06B6CE451BE9928300F5B5B7 /* BFDeniedAccessToAssetsView~ipad.xib in Resources */,
				06B6CE5D1BE9928300F5B5B7 /* BFMenuDetailViewController~ipad.xib in Resources */,
				06B6CE5F1BE9928300F5B5B7 /* flechas.png in Resources */,
				06B6CE4D1BE9928300F5B5B7 /* BFGCell_landscape.xib in Resources */,
				06B6CE511BE9928300F5B5B7 /* BFGFullSizeCell_landscape~ipad.xib in Resources */,
				06B6CE4C1BE9928300F5B5B7 /* BFGCell~ipad.xib in Resources */,
				06B6CE441BE9928300F5B5B7 /* BFDeniedAccessToAssetsView.xib in Resources */,
				06B6CE531BE9928300F5B5B7 /* BFGFullSizeCell_landscape.xib in Resources */,
				06B6CE4E1BE9928300F5B5B7 /* BFGCell.xib in Resources */,
				06B6CE521BE9928300F5B5B7 /* BFGFullSizeCell~ipad.xib in Resources */,
				06B6CE5A1BE9928300F5B5B7 /* BFGFullSizeViewController~ipad.xib in Resources */,
				06B6CE591BE9928300F5B5B7 /* BFGFullSizeViewController.xib in Resources */,
				06B6CE491BE9928300F5B5B7 /* BFGalleryViewController.xib in Resources */,
			);
			runOnlyForDeploymentPostprocessing = 0;
		};
		87CE41BD1571A6300011E130 /* Resources */ = {
			isa = PBXResourcesBuildPhase;
			buildActionMask = 2147483647;
			files = (
			);
			runOnlyForDeploymentPostprocessing = 0;
		};
/* End PBXResourcesBuildPhase section */

/* Begin PBXSourcesBuildPhase section */
		06B6CDCD1BE98E7D00F5B5B7 /* Sources */ = {
			isa = PBXSourcesBuildPhase;
			buildActionMask = 2147483647;
			files = (
				06B6CE881BE99F5300F5B5B7 /* NSObject+SBJSON.m in Sources */,
				06B6CE921BE99F5400F5B5B7 /* SBJsonWriter.m in Sources */,
				06B6CE581BE9928300F5B5B7 /* BFGFullSizeViewController.m in Sources */,
				06B6CE631BE9928300F5B5B7 /* FlickrImageParser.m in Sources */,
				06B6CE611BE9928300F5B5B7 /* FlickrImage.m in Sources */,
				06B6CE8E1BE99F5400F5B5B7 /* SBJsonBase.m in Sources */,
				06B6CE4B1BE9928300F5B5B7 /* BFGAssetsManager.m in Sources */,
				06B6CE561BE9928300F5B5B7 /* BFGFullSizeCell.m in Sources */,
				06B6CE901BE99F5400F5B5B7 /* SBJsonParser.m in Sources */,
				06B6CE8C1BE99F5400F5B5B7 /* SBJSON.m in Sources */,
				06B6CE481BE9928300F5B5B7 /* BFGalleryViewController.m in Sources */,
				06B6CE501BE9928300F5B5B7 /* BFGCell.m in Sources */,
				06B6CE651BE9928300F5B5B7 /* FlickrRequest.m in Sources */,
				06B6CE5C1BE9928300F5B5B7 /* BFImage.m in Sources */,
				06B6CE8A1BE99F5300F5B5B7 /* NSString+SBJSON.m in Sources */,
			);
			runOnlyForDeploymentPostprocessing = 0;
		};
		87CE41BB1571A6300011E130 /* Sources */ = {
			isa = PBXSourcesBuildPhase;
			buildActionMask = 2147483647;
			files = (
				87CE41D01571A6300011E130 /* main.m in Sources */,
				87CE41D41571A6300011E130 /* BFAppDelegate.m in Sources */,
			);
			runOnlyForDeploymentPostprocessing = 0;
		};
/* End PBXSourcesBuildPhase section */

/* Begin PBXTargetDependency section */
		06B6CDD81BE98E7D00F5B5B7 /* PBXTargetDependency */ = {
			isa = PBXTargetDependency;
			target = 06B6CDD11BE98E7D00F5B5B7 /* BFGalleryLib */;
			targetProxy = 06B6CDD71BE98E7D00F5B5B7 /* PBXContainerItemProxy */;
		};
/* End PBXTargetDependency section */

/* Begin XCBuildConfiguration section */
		06B6CDDC1BE98E7D00F5B5B7 /* Debug */ = {
			isa = XCBuildConfiguration;
			buildSettings = {
				CLANG_CXX_LIBRARY = "libc++";
				CLANG_ENABLE_MODULES = YES;
				CLANG_ENABLE_OBJC_ARC = YES;
				CLANG_WARN_DIRECT_OBJC_ISA_USAGE = YES_ERROR;
				CLANG_WARN_OBJC_ROOT_CLASS = YES_ERROR;
				CODE_SIGN_IDENTITY = "iPhone Developer";
				"CODE_SIGN_IDENTITY[sdk=iphoneos*]" = "iPhone Developer";
				CURRENT_PROJECT_VERSION = 1;
				DEBUG_INFORMATION_FORMAT = dwarf;
				DEFINES_MODULE = YES;
				DYLIB_COMPATIBILITY_VERSION = 1;
				DYLIB_CURRENT_VERSION = 1;
				DYLIB_INSTALL_NAME_BASE = "@rpath";
				GCC_WARN_ABOUT_RETURN_TYPE = YES_ERROR;
				GCC_WARN_UNINITIALIZED_AUTOS = YES_AGGRESSIVE;
				INFOPLIST_FILE = BFGalleryLib/Info.plist;
				INSTALL_PATH = "$(LOCAL_LIBRARY_DIR)/Frameworks";
				IPHONEOS_DEPLOYMENT_TARGET = 8.0;
				LD_RUNPATH_SEARCH_PATHS = "$(inherited) @executable_path/Frameworks @loader_path/Frameworks";
				MTL_ENABLE_DEBUG_INFO = YES;
				PRODUCT_BUNDLE_IDENTIFIER = com.blackfireapps.BFGalleryLib;
				PRODUCT_NAME = "$(TARGET_NAME)";
				SKIP_INSTALL = YES;
				VERSIONING_SYSTEM = "apple-generic";
				VERSION_INFO_PREFIX = "";
			};
			name = Debug;
		};
		06B6CDDD1BE98E7D00F5B5B7 /* Release */ = {
			isa = XCBuildConfiguration;
			buildSettings = {
				CLANG_CXX_LIBRARY = "libc++";
				CLANG_ENABLE_MODULES = YES;
				CLANG_ENABLE_OBJC_ARC = YES;
				CLANG_WARN_DIRECT_OBJC_ISA_USAGE = YES_ERROR;
				CLANG_WARN_OBJC_ROOT_CLASS = YES_ERROR;
				COPY_PHASE_STRIP = NO;
				CURRENT_PROJECT_VERSION = 1;
				DEBUG_INFORMATION_FORMAT = "dwarf-with-dsym";
				DEFINES_MODULE = YES;
				DYLIB_COMPATIBILITY_VERSION = 1;
				DYLIB_CURRENT_VERSION = 1;
				DYLIB_INSTALL_NAME_BASE = "@rpath";
				ENABLE_NS_ASSERTIONS = NO;
				GCC_WARN_ABOUT_RETURN_TYPE = YES_ERROR;
				GCC_WARN_UNINITIALIZED_AUTOS = YES_AGGRESSIVE;
				INFOPLIST_FILE = BFGalleryLib/Info.plist;
				INSTALL_PATH = "$(LOCAL_LIBRARY_DIR)/Frameworks";
				IPHONEOS_DEPLOYMENT_TARGET = 8.0;
				LD_RUNPATH_SEARCH_PATHS = "$(inherited) @executable_path/Frameworks @loader_path/Frameworks";
				MTL_ENABLE_DEBUG_INFO = NO;
				PRODUCT_BUNDLE_IDENTIFIER = com.blackfireapps.BFGalleryLib;
				PRODUCT_NAME = "$(TARGET_NAME)";
				SKIP_INSTALL = YES;
				VERSIONING_SYSTEM = "apple-generic";
				VERSION_INFO_PREFIX = "";
			};
			name = Release;
		};
		87CE41F51571A6320011E130 /* Debug */ = {
			isa = XCBuildConfiguration;
			buildSettings = {
				ALWAYS_SEARCH_USER_PATHS = NO;
				CLANG_CXX_LANGUAGE_STANDARD = "gnu++0x";
				CLANG_WARN_BOOL_CONVERSION = YES;
				CLANG_WARN_CONSTANT_CONVERSION = YES;
				CLANG_WARN_EMPTY_BODY = YES;
				CLANG_WARN_ENUM_CONVERSION = YES;
				CLANG_WARN_INT_CONVERSION = YES;
				CLANG_WARN_UNREACHABLE_CODE = YES;
				CLANG_WARN__DUPLICATE_METHOD_MATCH = YES;
				"CODE_SIGN_IDENTITY[sdk=iphoneos*]" = "iPhone Developer";
				COPY_PHASE_STRIP = NO;
				ENABLE_STRICT_OBJC_MSGSEND = YES;
				ENABLE_TESTABILITY = YES;
				GCC_C_LANGUAGE_STANDARD = gnu99;
				GCC_DYNAMIC_NO_PIC = NO;
				GCC_NO_COMMON_BLOCKS = YES;
				GCC_OPTIMIZATION_LEVEL = 0;
				GCC_PREPROCESSOR_DEFINITIONS = (
					"DEBUG=1",
					"$(inherited)",
				);
				GCC_SYMBOLS_PRIVATE_EXTERN = NO;
				GCC_VERSION = com.apple.compilers.llvm.clang.1_0;
				GCC_WARN_64_TO_32_BIT_CONVERSION = YES;
				GCC_WARN_ABOUT_RETURN_TYPE = YES;
				GCC_WARN_UNDECLARED_SELECTOR = YES;
				GCC_WARN_UNINITIALIZED_AUTOS = YES;
				GCC_WARN_UNUSED_FUNCTION = YES;
				GCC_WARN_UNUSED_VARIABLE = YES;
				IPHONEOS_DEPLOYMENT_TARGET = 9.0;
				ONLY_ACTIVE_ARCH = YES;
				SDKROOT = iphoneos;
				TARGETED_DEVICE_FAMILY = "1,2";
			};
			name = Debug;
		};
		87CE41F61571A6320011E130 /* Release */ = {
			isa = XCBuildConfiguration;
			buildSettings = {
				ALWAYS_SEARCH_USER_PATHS = NO;
				CLANG_CXX_LANGUAGE_STANDARD = "gnu++0x";
				CLANG_WARN_BOOL_CONVERSION = YES;
				CLANG_WARN_CONSTANT_CONVERSION = YES;
				CLANG_WARN_EMPTY_BODY = YES;
				CLANG_WARN_ENUM_CONVERSION = YES;
				CLANG_WARN_INT_CONVERSION = YES;
				CLANG_WARN_UNREACHABLE_CODE = YES;
				CLANG_WARN__DUPLICATE_METHOD_MATCH = YES;
				"CODE_SIGN_IDENTITY[sdk=iphoneos*]" = "iPhone Developer";
				COPY_PHASE_STRIP = YES;
				ENABLE_STRICT_OBJC_MSGSEND = YES;
				GCC_C_LANGUAGE_STANDARD = gnu99;
				GCC_NO_COMMON_BLOCKS = YES;
				GCC_VERSION = com.apple.compilers.llvm.clang.1_0;
				GCC_WARN_64_TO_32_BIT_CONVERSION = YES;
				GCC_WARN_ABOUT_RETURN_TYPE = YES;
				GCC_WARN_UNDECLARED_SELECTOR = YES;
				GCC_WARN_UNINITIALIZED_AUTOS = YES;
				GCC_WARN_UNUSED_FUNCTION = YES;
				GCC_WARN_UNUSED_VARIABLE = YES;
				IPHONEOS_DEPLOYMENT_TARGET = 9.0;
				OTHER_CFLAGS = "-DNS_BLOCK_ASSERTIONS=1";
				SDKROOT = iphoneos;
				TARGETED_DEVICE_FAMILY = "1,2";
				VALIDATE_PRODUCT = YES;
			};
			name = Release;
		};
		87CE41F81571A6320011E130 /* Debug */ = {
			isa = XCBuildConfiguration;
			buildSettings = {
				CLANG_ENABLE_OBJC_ARC = YES;
				CODE_SIGN_ENTITLEMENTS = "";
				CODE_SIGN_IDENTITY = "iPhone Developer";
				"CODE_SIGN_IDENTITY[sdk=iphoneos*]" = "iPhone Developer";
				FRAMEWORK_SEARCH_PATHS = "$(inherited)";
				GCC_PRECOMPILE_PREFIX_HEADER = YES;
				GCC_PREFIX_HEADER = "BFGallery/BFGallery-Prefix.pch";
				INFOPLIST_FILE = "BFGallery/BFGallery-Info.plist";
				IPHONEOS_DEPLOYMENT_TARGET = 8.0;
				LD_RUNPATH_SEARCH_PATHS = "$(inherited) @executable_path/Frameworks";
				OTHER_CFLAGS = "-DDEBUGLOGMODE";
				OTHER_LDFLAGS = "-DDEBUGLOGMODE";
				PRODUCT_BUNDLE_IDENTIFIER = com.blackfireapps.gallery;
				PRODUCT_NAME = "$(TARGET_NAME)";
				PROVISIONING_PROFILE = "";
				"PROVISIONING_PROFILE[sdk=iphoneos*]" = "";
				WRAPPER_EXTENSION = app;
			};
			name = Debug;
		};
		87CE41F91571A6320011E130 /* Release */ = {
			isa = XCBuildConfiguration;
			buildSettings = {
				CLANG_ENABLE_OBJC_ARC = YES;
				CODE_SIGN_ENTITLEMENTS = "";
				FRAMEWORK_SEARCH_PATHS = "$(inherited)";
				GCC_PRECOMPILE_PREFIX_HEADER = YES;
				GCC_PREFIX_HEADER = "BFGallery/BFGallery-Prefix.pch";
				INFOPLIST_FILE = "BFGallery/BFGallery-Info.plist";
				IPHONEOS_DEPLOYMENT_TARGET = 8.0;
				LD_RUNPATH_SEARCH_PATHS = "$(inherited) @executable_path/Frameworks";
				OTHER_LDFLAGS = "-DDEBUGLOGMODE";
				PRODUCT_BUNDLE_IDENTIFIER = com.blackfireapps.gallery;
				PRODUCT_NAME = "$(TARGET_NAME)";
				WRAPPER_EXTENSION = app;
			};
			name = Release;
		};
/* End XCBuildConfiguration section */

/* Begin XCConfigurationList section */
		06B6CDDB1BE98E7D00F5B5B7 /* Build configuration list for PBXNativeTarget "BFGalleryLib" */ = {
			isa = XCConfigurationList;
			buildConfigurations = (
				06B6CDDC1BE98E7D00F5B5B7 /* Debug */,
				06B6CDDD1BE98E7D00F5B5B7 /* Release */,
			);
			defaultConfigurationIsVisible = 0;
			defaultConfigurationName = Release;
		};
		87CE41B91571A6300011E130 /* Build configuration list for PBXProject "BFGallery" */ = {
			isa = XCConfigurationList;
			buildConfigurations = (
				87CE41F51571A6320011E130 /* Debug */,
				87CE41F61571A6320011E130 /* Release */,
			);
			defaultConfigurationIsVisible = 0;
			defaultConfigurationName = Release;
		};
		87CE41F71571A6320011E130 /* Build configuration list for PBXNativeTarget "BFGallery" */ = {
			isa = XCConfigurationList;
			buildConfigurations = (
				87CE41F81571A6320011E130 /* Debug */,
				87CE41F91571A6320011E130 /* Release */,
			);
			defaultConfigurationIsVisible = 0;
			defaultConfigurationName = Release;
		};
/* End XCConfigurationList section */
	};
	rootObject = 87CE41B61571A6300011E130 /* Project object */;
}
